github.com/imfing/hextra v0.12.3 h1:DZHY2rUWYteyzjlHi9r4n7Bb5e2Q+6LXe4C1Dqn0ZjM=
github.com/imfing/hextra v0.12.3/go.mod h1:vi+yhpq8YPp/aghvJlNKVnJKcPJ/VyAEcfC1BSV9ARo=
github.com/oliverustc/proofcraft-content v0.0.0-20260531124228-30bf4b9e7a9d h1:MXB37IURmdf9pH0HLZK3HjAtpstkkAWsyGn1ACy6VCY=
github.com/oliverustc/proofcraft-content v0.0.0-20260531124228-30bf4b9e7a9d/go.mod h1:Wi6z4MIF0wTeDYPlHHQK1tkR8PIL91FOwbr+2DE9jGk=
github.com/oliverustc/proofcraft-content v0.0.0-20260531124411-53c102ceeb12 h1:UAzYYfH+kS3qSZuOJQg3lDX57mETZ/PC3TojH1rjTMI=
github.com/oliverustc/proofcraft-content v0.0.0-20260531124411-53c102ceeb12/go.mod h1:Wi6z4MIF0wTeDYPlHHQK1tkR8PIL91FOwbr+2DE9jGk=
